
Microsoft Visual Studio Solution File, Format Version 12.00
# Visual Studio Version 16
VisualStudioVersion = 16.0.33027.164
MinimumVisualStudioVersion = 10.0.40219.1
Project("{FAE04EC0-301F-11D3-BF4B-00C04F79EFBC}") = "ConvertToInt32Method", "ConvertToInt32Method.csproj", "{6E1F0705-1C01-4894-A657-72A814BC78DF}"
EndProject
Global
	GlobalSection(SolutionConfigurationPlatforms) = preSolution
		Debug|Any CPU = Debug|Any CPU
		Release|Any CPU = Release|Any CPU
	EndGlobalSection
	GlobalSection(ProjectConfigurationPlatforms) = postSolution
		{6E1F0705-1C01-4894-A657-72A814BC78DF}.Debug|Any CPU.ActiveCfg = Debug|Any CPU
		{6E1F0705-1C01-4894-A657-72A814BC78DF}.Debug|Any CPU.Build.0 = Debug|Any CPU
		{6E1F0705-1C01-4894-A657-72A814BC78DF}.Release|Any CPU.ActiveCfg = Release|Any CPU
		{6E1F0705-1C01-4894-A657-72A814BC78DF}.Release|Any CPU.Build.0 = Release|Any CPU
	EndGlobalSection
	GlobalSection(SolutionProperties) = preSolution
		HideSolutionNode = FALSE
	EndGlobalSection
	GlobalSection(ExtensibilityGlobals) = postSolution
		SolutionGuid = {D98868DE-61CF-40F5-9B58-697383950F69}
	EndGlobalSection
EndGlobal
